# This file is automatically @generated by Cargo.
# It is not intended for manual editing.
version = 3

[[package]]
name = "cfg-if"
version = "1.0.0"
source = "registry+https://github.com/rust-lang/crates.io-index"
checksum = "baf1de4339761588bc0619e3cbc0120ee582ebb74b53b4efbf79117bd2da40fd"

[[package]]
name = "core_simd"
version = "0.1.0"
source = "git+https://github.com/rust-lang/portable-simd.git#1273da658ea64245e18466e50d59daa2cc49822e"

[[package]]
name = "fnv"
version = "1.0.7"
source = "registry+https://github.com/rust-lang/crates.io-index"
checksum = "3f9eec918d3f24069decb9af1554cad7c880e2da24a9afd88aca000531ab82c1"

[[package]]
name = "plugin_util"
version = "0.1.0"
source = "git+https://github.com/AquaEBM/plugin_util.git#fe9fbecc79d7b9d5669b5598871e561ad29e1db2"
dependencies = [
 "cfg-if",
 "core_simd",
 "std_float",
]

[[package]]
name = "polygraph"
version = "0.1.0"
dependencies = [
 "fnv",
 "plugin_util",
]

[[package]]
name = "std_float"
version = "0.1.0"
source = "git+https://github.com/rust-lang/portable-simd.git#1273da658ea64245e18466e50d59daa2cc49822e"
dependencies = [
 "core_simd",
]
